
Microsoft Visual Studio Solution File, Format Version 12.00
# Visual Studio Version 17
VisualStudioVersion = 17.9.34701.34
MinimumVisualStudioVersion = 10.0.40219.1
Project("{FAE04EC0-301F-11D3-BF4B-00C04F79EFBC}") = "ChallengeDay", "ChallengeDay.csproj", "{91065A0C-5CF8-44CB-BB97-816D74DD0CAE}"
EndProject
Global
	GlobalSection(SolutionConfigurationPlatforms) = preSolution
		Debug|Any CPU = Debug|Any CPU
		Release|Any CPU = Release|Any CPU
	EndGlobalSection
	GlobalSection(ProjectConfigurationPlatforms) = postSolution
		{91065A0C-5CF8-44CB-BB97-816D74DD0CAE}.Debug|Any CPU.ActiveCfg = Debug|Any CPU
		{91065A0C-5CF8-44CB-BB97-816D74DD0CAE}.Debug|Any CPU.Build.0 = Debug|Any CPU
		{91065A0C-5CF8-44CB-BB97-816D74DD0CAE}.Release|Any CPU.ActiveCfg = Release|Any CPU
		{91065A0C-5CF8-44CB-BB97-816D74DD0CAE}.Release|Any CPU.Build.0 = Release|Any CPU
	EndGlobalSection
	GlobalSection(SolutionProperties) = preSolution
		HideSolutionNode = FALSE
	EndGlobalSection
	GlobalSection(ExtensibilityGlobals) = postSolution
		SolutionGuid = {FE1BF6D0-B07C-4406-A795-A89E352581B2}
	EndGlobalSection
EndGlobal
